
Microsoft Visual Studio Solution File, Format Version 12.00
# Visual Studio Version 17
VisualStudioVersion = 17.4.33122.133
MinimumVisualStudioVersion = 10.0.40219.1
Project("{FAE04EC0-301F-11D3-BF4B-00C04F79EFBC}") = "Desafio CSharp Números Azarados", "Desafio CSharp Números Azarados\Desafio CSharp Números Azarados.csproj", "{02A2A2AA-237F-4A59-8FB6-1D9A4F57E990}"
EndProject
Global
	GlobalSection(SolutionConfigurationPlatforms) = preSolution
		Debug|Any CPU = Debug|Any CPU
		Release|Any CPU = Release|Any CPU
	EndGlobalSection
	GlobalSection(ProjectConfigurationPlatforms) = postSolution
		{02A2A2AA-237F-4A59-8FB6-1D9A4F57E990}.Debug|Any CPU.ActiveCfg = Debug|Any CPU
		{02A2A2AA-237F-4A59-8FB6-1D9A4F57E990}.Debug|Any CPU.Build.0 = Debug|Any CPU
		{02A2A2AA-237F-4A59-8FB6-1D9A4F57E990}.Release|Any CPU.ActiveCfg = Release|Any CPU
		{02A2A2AA-237F-4A59-8FB6-1D9A4F57E990}.Release|Any CPU.Build.0 = Release|Any CPU
	EndGlobalSection
	GlobalSection(SolutionProperties) = preSolution
		HideSolutionNode = FALSE
	EndGlobalSection
	GlobalSection(ExtensibilityGlobals) = postSolution
		SolutionGuid = {F1239EA6-682F-4218-A9B0-241A17499E6C}
	EndGlobalSection
EndGlobal
